{
    "symfony/flex": {
        "version": "1.0",
        "recipe": {
            "repo": "github.com/symfony/recipes",
            "branch": "master",
            "version": "1.0",
            "ref": "c0eeb50665f0f77226616b6038a9b06c03752d8e"
        },
        "files": [
            ".env"
        ]
    },
    "symfony/phpunit-bridge": {
        "version": "5.1",
        "recipe": {
            "repo": "github.com/symfony/recipes",
            "branch": "master",
            "version": "5.1",
            "ref": "bf16921ef8309a81d9f046e9b6369c46bcbd031f"
        },
        "files": [
            ".env.test",
            "bin/phpunit",
            "phpunit.xml.dist",
            "tests/bootstrap.php"
        ]
    },
    "symfony/translation-contracts": {
        "version": "2.3-dev"
    },
    "symfony/twig-bridge": {
        "version": "5.x-dev"
    }
}
